{
  "name": "minimax-codex",
  "version": "0.1.1",
  "lockfileVersion": 3,
  "requires": true,
  "packages": {
    "": {
      "name": "minimax-codex",
      "version": "0.1.1",
      "license": "MIT OR Apache-2.0",
      "bin": {
        "minimax-codex": "bin/minimax-codex.cjs"
      },
      "engines": {
        "node": ">=20"
      }
    }
  }
}
